# @generated - this file is auto-generated by `mise lock` https://mise.jdx.dev/dev-tools/mise-lock.html

[[tools."aqua:ollama/ollama"]]
version = "0.18.3"
backend = "aqua:ollama/ollama"

[tools."aqua:ollama/ollama"."platforms.linux-arm64"]
checksum = "sha256:6186d6c8eaa660a838ebcfad4541ff32d7f7bee8b072a8d0720438cc8040934b"
url = "https://github.com/ollama/ollama/releases/download/v0.18.3/ollama-linux-arm64.tar.zst"

[tools."aqua:ollama/ollama"."platforms.linux-arm64-musl"]
checksum = "sha256:6186d6c8eaa660a838ebcfad4541ff32d7f7bee8b072a8d0720438cc8040934b"
url = "https://github.com/ollama/ollama/releases/download/v0.18.3/ollama-linux-arm64.tar.zst"

[tools."aqua:ollama/ollama"."platforms.linux-x64"]
checksum = "sha256:7b3fb22f2e01a17f03ec0ac88a0b070ee2d7481030e735337ac8c02b84b5e66e"
url = "https://github.com/ollama/ollama/releases/download/v0.18.3/ollama-linux-amd64.tar.zst"

[tools."aqua:ollama/ollama"."platforms.linux-x64-musl"]
checksum = "sha256:7b3fb22f2e01a17f03ec0ac88a0b070ee2d7481030e735337ac8c02b84b5e66e"
url = "https://github.com/ollama/ollama/releases/download/v0.18.3/ollama-linux-amd64.tar.zst"

[tools."aqua:ollama/ollama"."platforms.macos-arm64"]
checksum = "sha256:f3b17a791dfc3e1ac874ed02bbdb90d77b552ff1f02cf80f1ae48fc5f80de6fa"
url = "https://github.com/ollama/ollama/releases/download/v0.18.3/ollama-darwin.tgz"

[tools."aqua:ollama/ollama"."platforms.macos-x64"]
checksum = "sha256:f3b17a791dfc3e1ac874ed02bbdb90d77b552ff1f02cf80f1ae48fc5f80de6fa"
url = "https://github.com/ollama/ollama/releases/download/v0.18.3/ollama-darwin.tgz"

[tools."aqua:ollama/ollama"."platforms.windows-x64"]
checksum = "sha256:89b0760bf190c9c2347b6b233ecd34c0d5370dd76c4b269ac561fc3d2cb355b8"
url = "https://github.com/ollama/ollama/releases/download/v0.18.3/ollama-windows-amd64.zip"

[[tools."github:nushell/nushell"]]
version = "0.110.0"
backend = "github:nushell/nushell"

[tools."github:nushell/nushell"."platforms.linux-arm64"]
checksum = "sha256:8c6d9655ecce9cea7f53d190d12e351df687614324201f4cf717310abf87d946"
url = "https://github.com/nushell/nushell/releases/download/0.110.0/nu-0.110.0-aarch64-unknown-linux-gnu.tar.gz"
url_api = "https://api.github.com/repos/nushell/nushell/releases/assets/342124505"

[tools."github:nushell/nushell"."platforms.linux-arm64-musl"]
checksum = "sha256:596ce2cc836eb5ca9f710c69995dd9bfac26135cf0cd67ff13ce98e528e7f9f4"
url = "https://github.com/nushell/nushell/releases/download/0.110.0/nu-0.110.0-aarch64-unknown-linux-musl.tar.gz"
url_api = "https://api.github.com/repos/nushell/nushell/releases/assets/342123418"

[tools."github:nushell/nushell"."platforms.linux-x64"]
checksum = "sha256:d68c38d408b04c7d957930d4de15b3ded1520cf322bc6897ef85666955f41889"
url = "https://github.com/nushell/nushell/releases/download/0.110.0/nu-0.110.0-x86_64-unknown-linux-gnu.tar.gz"
url_api = "https://api.github.com/repos/nushell/nushell/releases/assets/342122557"

[tools."github:nushell/nushell"."platforms.linux-x64-musl"]
checksum = "sha256:82b0f24646ad1dc5f1a2f2112b8a25178fb62e085c26b1a00eb2e0be091ce055"
url = "https://github.com/nushell/nushell/releases/download/0.110.0/nu-0.110.0-x86_64-unknown-linux-musl.tar.gz"
url_api = "https://api.github.com/repos/nushell/nushell/releases/assets/342122564"

[tools."github:nushell/nushell"."platforms.macos-arm64"]
checksum = "sha256:6d587b1daf7cb9a8ae4d4e265db4d4ed52ea8b69cdc5a42a02142dda300781ac"
url = "https://github.com/nushell/nushell/releases/download/0.110.0/nu-0.110.0-aarch64-apple-darwin.tar.gz"
url_api = "https://api.github.com/repos/nushell/nushell/releases/assets/342128877"

[tools."github:nushell/nushell"."platforms.macos-x64"]
checksum = "sha256:d31bc17870c85d75b040c82b507071eea79001306cadc64a30917f7c9711b3d5"
url = "https://github.com/nushell/nushell/releases/download/0.110.0/nu-0.110.0-x86_64-apple-darwin.tar.gz"
url_api = "https://api.github.com/repos/nushell/nushell/releases/assets/342125122"

[tools."github:nushell/nushell"."platforms.windows-x64"]
checksum = "sha256:70ad9dbc5e6f82fc5bb1fafe6bc39ddd4e50c8fa1eb5450d5c4a1dc5456161be"
url = "https://github.com/nushell/nushell/releases/download/0.110.0/nu-0.110.0-x86_64-pc-windows-msvc.zip"
url_api = "https://api.github.com/repos/nushell/nushell/releases/assets/342128214"

[[tools."github:pnpm/pnpm"]]
version = "9.15.2"
backend = "github:pnpm/pnpm"

[tools."github:pnpm/pnpm"."platforms.linux-arm64"]
url = "https://github.com/pnpm/pnpm/releases/download/v9.15.2/pnpm-linux-arm64"
url_api = "https://api.github.com/repos/pnpm/pnpm/releases/assets/216187381"

[tools."github:pnpm/pnpm"."platforms.linux-arm64-musl"]
url = "https://github.com/pnpm/pnpm/releases/download/v9.15.2/pnpm-linux-arm64"
url_api = "https://api.github.com/repos/pnpm/pnpm/releases/assets/216187381"

[tools."github:pnpm/pnpm"."platforms.linux-x64"]
url = "https://github.com/pnpm/pnpm/releases/download/v9.15.2/pnpm-linux-x64"
url_api = "https://api.github.com/repos/pnpm/pnpm/releases/assets/216187382"

[tools."github:pnpm/pnpm"."platforms.linux-x64-musl"]
url = "https://github.com/pnpm/pnpm/releases/download/v9.15.2/pnpm-linux-x64"
url_api = "https://api.github.com/repos/pnpm/pnpm/releases/assets/216187382"

[tools."github:pnpm/pnpm"."platforms.macos-arm64"]
url = "https://github.com/pnpm/pnpm/releases/download/v9.15.2/pnpm-macos-arm64"
url_api = "https://api.github.com/repos/pnpm/pnpm/releases/assets/216187376"

[tools."github:pnpm/pnpm"."platforms.macos-x64"]
url = "https://github.com/pnpm/pnpm/releases/download/v9.15.2/pnpm-macos-x64"
url_api = "https://api.github.com/repos/pnpm/pnpm/releases/assets/216187378"

[tools."github:pnpm/pnpm"."platforms.windows-x64"]
url = "https://github.com/pnpm/pnpm/releases/download/v9.15.2/pnpm-win-x64.exe"
url_api = "https://api.github.com/repos/pnpm/pnpm/releases/assets/216187374"

[[tools.node]]
version = "22.14.0"
backend = "core:node"

[tools.node."platforms.linux-arm64"]
checksum = "sha256:8cf30ff7250f9463b53c18f89c6c606dfda70378215b2c905d0a9a8b08bd45e0"
url = "https://nodejs.org/dist/v22.14.0/node-v22.14.0-linux-arm64.tar.gz"

[tools.node."platforms.linux-arm64-musl"]
checksum = "sha256:8cf30ff7250f9463b53c18f89c6c606dfda70378215b2c905d0a9a8b08bd45e0"
url = "https://nodejs.org/dist/v22.14.0/node-v22.14.0-linux-arm64.tar.gz"

[tools.node."platforms.linux-x64"]
checksum = "sha256:9d942932535988091034dc94cc5f42b6dc8784d6366df3a36c4c9ccb3996f0c2"
url = "https://nodejs.org/dist/v22.14.0/node-v22.14.0-linux-x64.tar.gz"

[tools.node."platforms.linux-x64-musl"]
checksum = "sha256:9d942932535988091034dc94cc5f42b6dc8784d6366df3a36c4c9ccb3996f0c2"
url = "https://nodejs.org/dist/v22.14.0/node-v22.14.0-linux-x64.tar.gz"

[tools.node."platforms.macos-arm64"]
checksum = "sha256:e9404633bc02a5162c5c573b1e2490f5fb44648345d64a958b17e325729a5e42"
url = "https://nodejs.org/dist/v22.14.0/node-v22.14.0-darwin-arm64.tar.gz"

[tools.node."platforms.macos-x64"]
checksum = "sha256:6698587713ab565a94a360e091df9f6d91c8fadda6d00f0cf6526e9b40bed250"
url = "https://nodejs.org/dist/v22.14.0/node-v22.14.0-darwin-x64.tar.gz"

[tools.node."platforms.windows-x64"]
checksum = "sha256:55b639295920b219bb2acbcfa00f90393a2789095b7323f79475c9f34795f217"
url = "https://nodejs.org/dist/v22.14.0/node-v22.14.0-win-x64.zip"
